
Microsoft Visual Studio Solution File, Format Version 12.00
# Visual Studio Version 17
VisualStudioVersion = 17.6.33723.286
MinimumVisualStudioVersion = 10.0.40219.1
Project("{FAE04EC0-301F-11D3-BF4B-00C04F79EFBC}") = "UserDetails", "UserDetails.csproj", "{D351C980-FD7B-4FFE-ACAE-25E2A89788E5}"
EndProject
Global
	GlobalSection(SolutionConfigurationPlatforms) = preSolution
		Debug|Any CPU = Debug|Any CPU
		Release|Any CPU = Release|Any CPU
	EndGlobalSection
	GlobalSection(ProjectConfigurationPlatforms) = postSolution
		{D351C980-FD7B-4FFE-ACAE-25E2A89788E5}.Debug|Any CPU.ActiveCfg = Debug|Any CPU
		{D351C980-FD7B-4FFE-ACAE-25E2A89788E5}.Debug|Any CPU.Build.0 = Debug|Any CPU
		{D351C980-FD7B-4FFE-ACAE-25E2A89788E5}.Release|Any CPU.ActiveCfg = Release|Any CPU
		{D351C980-FD7B-4FFE-ACAE-25E2A89788E5}.Release|Any CPU.Build.0 = Release|Any CPU
	EndGlobalSection
	GlobalSection(SolutionProperties) = preSolution
		HideSolutionNode = FALSE
	EndGlobalSection
	GlobalSection(ExtensibilityGlobals) = postSolution
		SolutionGuid = {CBFB1A60-DCE8-4BFB-8610-AAC7823A3BED}
	EndGlobalSection
EndGlobal
